
Microsoft Visual Studio Solution File, Format Version 12.00
# Visual Studio 15
VisualStudioVersion = 15.0.28307.1267
MinimumVisualStudioVersion = 10.0.40219.1
Project("{8BC9CEB8-8B4A-11D0-8D11-00A0C91BC942}") = "HomeWorkNo.4", "HomeWorkNo.4\HomeWorkNo.4.vcxproj", "{E070D232-F4A7-4874-B3E9-F6D77FFB42E3}"
EndProject
Global
	GlobalSection(SolutionConfigurationPlatforms) = preSolution
		Debug|x64 = Debug|x64
		Debug|x86 = Debug|x86
		Release|x64 = Release|x64
		Release|x86 = Release|x86
	EndGlobalSection
	GlobalSection(ProjectConfigurationPlatforms) = postSolution
		{E070D232-F4A7-4874-B3E9-F6D77FFB42E3}.Debug|x64.ActiveCfg = Debug|x64
		{E070D232-F4A7-4874-B3E9-F6D77FFB42E3}.Debug|x64.Build.0 = Debug|x64
		{E070D232-F4A7-4874-B3E9-F6D77FFB42E3}.Debug|x86.ActiveCfg = Debug|Win32
		{E070D232-F4A7-4874-B3E9-F6D77FFB42E3}.Debug|x86.Build.0 = Debug|Win32
		{E070D232-F4A7-4874-B3E9-F6D77FFB42E3}.Release|x64.ActiveCfg = Release|x64
		{E070D232-F4A7-4874-B3E9-F6D77FFB42E3}.Release|x64.Build.0 = Release|x64
		{E070D232-F4A7-4874-B3E9-F6D77FFB42E3}.Release|x86.ActiveCfg = Release|Win32
		{E070D232-F4A7-4874-B3E9-F6D77FFB42E3}.Release|x86.Build.0 = Release|Win32
	EndGlobalSection
	GlobalSection(SolutionProperties) = preSolution
		HideSolutionNode = FALSE
	EndGlobalSection
	GlobalSection(ExtensibilityGlobals) = postSolution
		SolutionGuid = {F66EAA45-0A8B-4630-96E7-7449B8E9EA26}
	EndGlobalSection
EndGlobal
