
Microsoft Visual Studio Solution File, Format Version 12.00
# Visual Studio 15
VisualStudioVersion = 15.0.28307.1500
MinimumVisualStudioVersion = 10.0.40219.1
Project("{8BC9CEB8-8B4A-11D0-8D11-00A0C91BC942}") = "C,Test18SA", "C,Test18SA\C,Test18SA.vcxproj", "{B9F2AD48-0352-4197-BD11-60D83B0B2DCC}"
EndProject
Global
	GlobalSection(SolutionConfigurationPlatforms) = preSolution
		Debug|x64 = Debug|x64
		Debug|x86 = Debug|x86
		Release|x64 = Release|x64
		Release|x86 = Release|x86
	EndGlobalSection
	GlobalSection(ProjectConfigurationPlatforms) = postSolution
		{B9F2AD48-0352-4197-BD11-60D83B0B2DCC}.Debug|x64.ActiveCfg = Debug|x64
		{B9F2AD48-0352-4197-BD11-60D83B0B2DCC}.Debug|x64.Build.0 = Debug|x64
		{B9F2AD48-0352-4197-BD11-60D83B0B2DCC}.Debug|x86.ActiveCfg = Debug|Win32
		{B9F2AD48-0352-4197-BD11-60D83B0B2DCC}.Debug|x86.Build.0 = Debug|Win32
		{B9F2AD48-0352-4197-BD11-60D83B0B2DCC}.Release|x64.ActiveCfg = Release|x64
		{B9F2AD48-0352-4197-BD11-60D83B0B2DCC}.Release|x64.Build.0 = Release|x64
		{B9F2AD48-0352-4197-BD11-60D83B0B2DCC}.Release|x86.ActiveCfg = Release|Win32
		{B9F2AD48-0352-4197-BD11-60D83B0B2DCC}.Release|x86.Build.0 = Release|Win32
	EndGlobalSection
	GlobalSection(SolutionProperties) = preSolution
		HideSolutionNode = FALSE
	EndGlobalSection
	GlobalSection(ExtensibilityGlobals) = postSolution
		SolutionGuid = {82CABE59-352F-42DA-8384-4C1C0E529699}
	EndGlobalSection
EndGlobal
