
Microsoft Visual Studio Solution File, Format Version 12.00
# Visual Studio 15
VisualStudioVersion = 15.0.28307.1267
MinimumVisualStudioVersion = 10.0.40219.1
Project("{8BC9CEB8-8B4A-11D0-8D11-00A0C91BC942}") = "ClassWork No.7", "ClassWork No.7\ClassWork No.7.vcxproj", "{16087B08-7FCE-47C8-A257-B2E86BB2EE47}"
EndProject
Global
	GlobalSection(SolutionConfigurationPlatforms) = preSolution
		Debug|x64 = Debug|x64
		Debug|x86 = Debug|x86
		Release|x64 = Release|x64
		Release|x86 = Release|x86
	EndGlobalSection
	GlobalSection(ProjectConfigurationPlatforms) = postSolution
		{16087B08-7FCE-47C8-A257-B2E86BB2EE47}.Debug|x64.ActiveCfg = Debug|x64
		{16087B08-7FCE-47C8-A257-B2E86BB2EE47}.Debug|x64.Build.0 = Debug|x64
		{16087B08-7FCE-47C8-A257-B2E86BB2EE47}.Debug|x86.ActiveCfg = Debug|x64
		{16087B08-7FCE-47C8-A257-B2E86BB2EE47}.Debug|x86.Build.0 = Debug|x64
		{16087B08-7FCE-47C8-A257-B2E86BB2EE47}.Release|x64.ActiveCfg = Release|x64
		{16087B08-7FCE-47C8-A257-B2E86BB2EE47}.Release|x64.Build.0 = Release|x64
		{16087B08-7FCE-47C8-A257-B2E86BB2EE47}.Release|x86.ActiveCfg = Release|Win32
		{16087B08-7FCE-47C8-A257-B2E86BB2EE47}.Release|x86.Build.0 = Release|Win32
	EndGlobalSection
	GlobalSection(SolutionProperties) = preSolution
		HideSolutionNode = FALSE
	EndGlobalSection
	GlobalSection(ExtensibilityGlobals) = postSolution
		SolutionGuid = {2409D3CD-7D33-418B-B88A-52C9A486AA5C}
	EndGlobalSection
EndGlobal
