
Microsoft Visual Studio Solution File, Format Version 12.00
# Visual Studio 15
VisualStudioVersion = 15.0.28307.1433
MinimumVisualStudioVersion = 10.0.40219.1
Project("{8BC9CEB8-8B4A-11D0-8D11-00A0C91BC942}") = "C++,Project 1", "C++,Project 1\C++,Project 1.vcxproj", "{9FABDF9C-946B-4DF5-B6BC-E1F28BA1DB5B}"
EndProject
Global
	GlobalSection(SolutionConfigurationPlatforms) = preSolution
		Debug|x64 = Debug|x64
		Debug|x86 = Debug|x86
		Release|x64 = Release|x64
		Release|x86 = Release|x86
	EndGlobalSection
	GlobalSection(ProjectConfigurationPlatforms) = postSolution
		{9FABDF9C-946B-4DF5-B6BC-E1F28BA1DB5B}.Debug|x64.ActiveCfg = Debug|x64
		{9FABDF9C-946B-4DF5-B6BC-E1F28BA1DB5B}.Debug|x64.Build.0 = Debug|x64
		{9FABDF9C-946B-4DF5-B6BC-E1F28BA1DB5B}.Debug|x86.ActiveCfg = Debug|Win32
		{9FABDF9C-946B-4DF5-B6BC-E1F28BA1DB5B}.Debug|x86.Build.0 = Debug|Win32
		{9FABDF9C-946B-4DF5-B6BC-E1F28BA1DB5B}.Release|x64.ActiveCfg = Release|x64
		{9FABDF9C-946B-4DF5-B6BC-E1F28BA1DB5B}.Release|x64.Build.0 = Release|x64
		{9FABDF9C-946B-4DF5-B6BC-E1F28BA1DB5B}.Release|x86.ActiveCfg = Release|Win32
		{9FABDF9C-946B-4DF5-B6BC-E1F28BA1DB5B}.Release|x86.Build.0 = Release|Win32
	EndGlobalSection
	GlobalSection(SolutionProperties) = preSolution
		HideSolutionNode = FALSE
	EndGlobalSection
	GlobalSection(ExtensibilityGlobals) = postSolution
		SolutionGuid = {34279691-D8AC-45E2-9105-EA4DD0E03D7C}
	EndGlobalSection
EndGlobal
